
Microsoft Visual Studio Solution File, Format Version 12.00
# Visual Studio 2013
VisualStudioVersion = 12.0.40629.0
MinimumVisualStudioVersion = 10.0.40219.1
Project("{FAE04EC0-301F-11D3-BF4B-00C04F79EFBC}") = "StatsicForXX", "StatsicForXX\StatsicForXX.csproj", "{F055AECF-FAEC-4E59-B792-763AFFB454CD}"
EndProject
Project("{FAE04EC0-301F-11D3-BF4B-00C04F79EFBC}") = "ConsoleApplication1", "ConsoleApplication1\ConsoleApplication1.csproj", "{5DDCFF34-77BD-4A8F-B721-3D7452DAB029}"
EndProject
Project("{FAE04EC0-301F-11D3-BF4B-00C04F79EFBC}") = "StatsisLib", "StatsisLib\StatsisLib.csproj", "{58481FE9-7AD3-49EC-BEB0-1A16717C8E52}"
EndProject
Project("{FAE04EC0-301F-11D3-BF4B-00C04F79EFBC}") = "SWeb", "SWeb\SWeb.csproj", "{662B9EA4-28B1-46A7-981C-319B5A8F6BDC}"
EndProject
Project("{FAE04EC0-301F-11D3-BF4B-00C04F79EFBC}") = "NSWeb", "NSWeb\NSWeb.csproj", "{C6F21863-B262-4594-A2F9-AC8A257B19AD}"
EndProject
Project("{FAE04EC0-301F-11D3-BF4B-00C04F79EFBC}") = "ConsoleApplication2", "ConsoleApplication2\ConsoleApplication2.csproj", "{03B674DA-C1EB-427D-A2F3-A951229E82BB}"
EndProject
Project("{FAE04EC0-301F-11D3-BF4B-00C04F79EFBC}") = "DataService", "DataService\DataService.csproj", "{BD04CAAF-F12E-4666-B641-B4932B07C302}"
EndProject
Project("{FAE04EC0-301F-11D3-BF4B-00C04F79EFBC}") = "UnionLib", "UnionLib\UnionLib.csproj", "{E1ED0046-6F38-43A1-9C53-23F587E1597A}"
EndProject
Project("{FAE04EC0-301F-11D3-BF4B-00C04F79EFBC}") = "MailServer", "MailServer\MailServer.csproj", "{027DA39F-7E06-48BB-B568-FF8C9635D1C1}"
EndProject
Project("{FAE04EC0-301F-11D3-BF4B-00C04F79EFBC}") = "MailLib", "MailLib\MailLib.csproj", "{924A8003-6764-4BD6-B132-30427103DBF0}"
EndProject
Global
	GlobalSection(SolutionConfigurationPlatforms) = preSolution
		Debug|Any CPU = Debug|Any CPU
		Release|Any CPU = Release|Any CPU
	EndGlobalSection
	GlobalSection(ProjectConfigurationPlatforms) = postSolution
		{F055AECF-FAEC-4E59-B792-763AFFB454CD}.Debug|Any CPU.ActiveCfg = Debug|Any CPU
		{F055AECF-FAEC-4E59-B792-763AFFB454CD}.Debug|Any CPU.Build.0 = Debug|Any CPU
		{F055AECF-FAEC-4E59-B792-763AFFB454CD}.Release|Any CPU.ActiveCfg = Release|Any CPU
		{F055AECF-FAEC-4E59-B792-763AFFB454CD}.Release|Any CPU.Build.0 = Release|Any CPU
		{5DDCFF34-77BD-4A8F-B721-3D7452DAB029}.Debug|Any CPU.ActiveCfg = Debug|Any CPU
		{5DDCFF34-77BD-4A8F-B721-3D7452DAB029}.Debug|Any CPU.Build.0 = Debug|Any CPU
		{5DDCFF34-77BD-4A8F-B721-3D7452DAB029}.Release|Any CPU.ActiveCfg = Release|Any CPU
		{5DDCFF34-77BD-4A8F-B721-3D7452DAB029}.Release|Any CPU.Build.0 = Release|Any CPU
		{58481FE9-7AD3-49EC-BEB0-1A16717C8E52}.Debug|Any CPU.ActiveCfg = Debug|Any CPU
		{58481FE9-7AD3-49EC-BEB0-1A16717C8E52}.Debug|Any CPU.Build.0 = Debug|Any CPU
		{58481FE9-7AD3-49EC-BEB0-1A16717C8E52}.Release|Any CPU.ActiveCfg = Release|Any CPU
		{58481FE9-7AD3-49EC-BEB0-1A16717C8E52}.Release|Any CPU.Build.0 = Release|Any CPU
		{662B9EA4-28B1-46A7-981C-319B5A8F6BDC}.Debug|Any CPU.ActiveCfg = Debug|Any CPU
		{662B9EA4-28B1-46A7-981C-319B5A8F6BDC}.Debug|Any CPU.Build.0 = Debug|Any CPU
		{662B9EA4-28B1-46A7-981C-319B5A8F6BDC}.Release|Any CPU.ActiveCfg = Release|Any CPU
		{662B9EA4-28B1-46A7-981C-319B5A8F6BDC}.Release|Any CPU.Build.0 = Release|Any CPU
		{C6F21863-B262-4594-A2F9-AC8A257B19AD}.Debug|Any CPU.ActiveCfg = Debug|Any CPU
		{C6F21863-B262-4594-A2F9-AC8A257B19AD}.Debug|Any CPU.Build.0 = Debug|Any CPU
		{C6F21863-B262-4594-A2F9-AC8A257B19AD}.Release|Any CPU.ActiveCfg = Release|Any CPU
		{C6F21863-B262-4594-A2F9-AC8A257B19AD}.Release|Any CPU.Build.0 = Release|Any CPU
		{03B674DA-C1EB-427D-A2F3-A951229E82BB}.Debug|Any CPU.ActiveCfg = Debug|Any CPU
		{03B674DA-C1EB-427D-A2F3-A951229E82BB}.Debug|Any CPU.Build.0 = Debug|Any CPU
		{03B674DA-C1EB-427D-A2F3-A951229E82BB}.Release|Any CPU.ActiveCfg = Release|Any CPU
		{03B674DA-C1EB-427D-A2F3-A951229E82BB}.Release|Any CPU.Build.0 = Release|Any CPU
		{BD04CAAF-F12E-4666-B641-B4932B07C302}.Debug|Any CPU.ActiveCfg = Debug|Any CPU
		{BD04CAAF-F12E-4666-B641-B4932B07C302}.Debug|Any CPU.Build.0 = Debug|Any CPU
		{BD04CAAF-F12E-4666-B641-B4932B07C302}.Release|Any CPU.ActiveCfg = Release|Any CPU
		{BD04CAAF-F12E-4666-B641-B4932B07C302}.Release|Any CPU.Build.0 = Release|Any CPU
		{E1ED0046-6F38-43A1-9C53-23F587E1597A}.Debug|Any CPU.ActiveCfg = Debug|Any CPU
		{E1ED0046-6F38-43A1-9C53-23F587E1597A}.Debug|Any CPU.Build.0 = Debug|Any CPU
		{E1ED0046-6F38-43A1-9C53-23F587E1597A}.Release|Any CPU.ActiveCfg = Release|Any CPU
		{E1ED0046-6F38-43A1-9C53-23F587E1597A}.Release|Any CPU.Build.0 = Release|Any CPU
		{027DA39F-7E06-48BB-B568-FF8C9635D1C1}.Debug|Any CPU.ActiveCfg = Debug|Any CPU
		{027DA39F-7E06-48BB-B568-FF8C9635D1C1}.Debug|Any CPU.Build.0 = Debug|Any CPU
		{027DA39F-7E06-48BB-B568-FF8C9635D1C1}.Release|Any CPU.ActiveCfg = Release|Any CPU
		{027DA39F-7E06-48BB-B568-FF8C9635D1C1}.Release|Any CPU.Build.0 = Release|Any CPU
		{924A8003-6764-4BD6-B132-30427103DBF0}.Debug|Any CPU.ActiveCfg = Debug|Any CPU
		{924A8003-6764-4BD6-B132-30427103DBF0}.Debug|Any CPU.Build.0 = Debug|Any CPU
		{924A8003-6764-4BD6-B132-30427103DBF0}.Release|Any CPU.ActiveCfg = Release|Any CPU
		{924A8003-6764-4BD6-B132-30427103DBF0}.Release|Any CPU.Build.0 = Release|Any CPU
	EndGlobalSection
	GlobalSection(SolutionProperties) = preSolution
		HideSolutionNode = FALSE
	EndGlobalSection
EndGlobal
